
Microsoft Visual Studio Solution File, Format Version 12.00
# Visual Studio 15
VisualStudioVersion = 15.0.27428.2011
MinimumVisualStudioVersion = 10.0.40219.1
Project("{9A19103F-16F7-4668-BE54-9A1E7A4F7556}") = "CS_WebApi_Cass_Docker", "CS_WebApi_Cass_Docker\CS_WebApi_Cass_Docker.csproj", "{73F55E0A-4A8C-4FB7-B0E9-3975C676411A}"
EndProject
Project("{9A19103F-16F7-4668-BE54-9A1E7A4F7556}") = "DAL", "DAL\DAL.csproj", "{3C55D43D-C00E-4A66-A453-CDD6D205D793}"
EndProject
Project("{2150E333-8FDC-42A3-9474-1A3956D46DE8}") = "BL", "BL", "{7529D29B-9062-47D9-A0F4-AD74EB5D5EFA}"
EndProject
Project("{FAE04EC0-301F-11D3-BF4B-00C04F79EFBC}") = "BL.Token", "BL.Token\BL.Token.csproj", "{2AC4E57D-2FF7-4EEA-BCB7-9268EEF67EFE}"
EndProject
Project("{FAE04EC0-301F-11D3-BF4B-00C04F79EFBC}") = "BL.Password", "BL.Password\BL.Password.csproj", "{2E625CD3-A7E6-4FC6-B13B-1C9DF8F8C625}"
EndProject
Project("{FAE04EC0-301F-11D3-BF4B-00C04F79EFBC}") = "BL.User", "BL.User\BL.User.csproj", "{6B3A5BCC-BF7D-4C81-B05B-9ABC7913161A}"
EndProject
Project("{FAE04EC0-301F-11D3-BF4B-00C04F79EFBC}") = "BL.Login", "BL.Login\BL.Login.csproj", "{C473FFC9-1835-41A4-B711-0622019647B7}"
EndProject
Project("{FAE04EC0-301F-11D3-BF4B-00C04F79EFBC}") = "Entities", "Entities\Entities.csproj", "{2224CA4F-CAC0-421A-9A57-8C9C3AB562F2}"
EndProject
Project("{FAE04EC0-301F-11D3-BF4B-00C04F79EFBC}") = "DTO", "DTO\DTO.csproj", "{76872487-803B-47A9-B7A0-BA888DEF2C22}"
	ProjectSection(ProjectDependencies) = postProject
		{2224CA4F-CAC0-421A-9A57-8C9C3AB562F2} = {2224CA4F-CAC0-421A-9A57-8C9C3AB562F2}
	EndProjectSection
EndProject
Global
	GlobalSection(SolutionConfigurationPlatforms) = preSolution
		Debug|Any CPU = Debug|Any CPU
		Release|Any CPU = Release|Any CPU
	EndGlobalSection
	GlobalSection(ProjectConfigurationPlatforms) = postSolution
		{73F55E0A-4A8C-4FB7-B0E9-3975C676411A}.Debug|Any CPU.ActiveCfg = Debug|Any CPU
		{73F55E0A-4A8C-4FB7-B0E9-3975C676411A}.Debug|Any CPU.Build.0 = Debug|Any CPU
		{73F55E0A-4A8C-4FB7-B0E9-3975C676411A}.Release|Any CPU.ActiveCfg = Release|Any CPU
		{73F55E0A-4A8C-4FB7-B0E9-3975C676411A}.Release|Any CPU.Build.0 = Release|Any CPU
		{3C55D43D-C00E-4A66-A453-CDD6D205D793}.Debug|Any CPU.ActiveCfg = Debug|Any CPU
		{3C55D43D-C00E-4A66-A453-CDD6D205D793}.Debug|Any CPU.Build.0 = Debug|Any CPU
		{3C55D43D-C00E-4A66-A453-CDD6D205D793}.Release|Any CPU.ActiveCfg = Release|Any CPU
		{3C55D43D-C00E-4A66-A453-CDD6D205D793}.Release|Any CPU.Build.0 = Release|Any CPU
		{2AC4E57D-2FF7-4EEA-BCB7-9268EEF67EFE}.Debug|Any CPU.ActiveCfg = Debug|Any CPU
		{2AC4E57D-2FF7-4EEA-BCB7-9268EEF67EFE}.Debug|Any CPU.Build.0 = Debug|Any CPU
		{2AC4E57D-2FF7-4EEA-BCB7-9268EEF67EFE}.Release|Any CPU.ActiveCfg = Release|Any CPU
		{2AC4E57D-2FF7-4EEA-BCB7-9268EEF67EFE}.Release|Any CPU.Build.0 = Release|Any CPU
		{2E625CD3-A7E6-4FC6-B13B-1C9DF8F8C625}.Debug|Any CPU.ActiveCfg = Debug|Any CPU
		{2E625CD3-A7E6-4FC6-B13B-1C9DF8F8C625}.Debug|Any CPU.Build.0 = Debug|Any CPU
		{2E625CD3-A7E6-4FC6-B13B-1C9DF8F8C625}.Release|Any CPU.ActiveCfg = Release|Any CPU
		{2E625CD3-A7E6-4FC6-B13B-1C9DF8F8C625}.Release|Any CPU.Build.0 = Release|Any CPU
		{6B3A5BCC-BF7D-4C81-B05B-9ABC7913161A}.Debug|Any CPU.ActiveCfg = Debug|Any CPU
		{6B3A5BCC-BF7D-4C81-B05B-9ABC7913161A}.Debug|Any CPU.Build.0 = Debug|Any CPU
		{6B3A5BCC-BF7D-4C81-B05B-9ABC7913161A}.Release|Any CPU.ActiveCfg = Release|Any CPU
		{6B3A5BCC-BF7D-4C81-B05B-9ABC7913161A}.Release|Any CPU.Build.0 = Release|Any CPU
		{C473FFC9-1835-41A4-B711-0622019647B7}.Debug|Any CPU.ActiveCfg = Debug|Any CPU
		{C473FFC9-1835-41A4-B711-0622019647B7}.Debug|Any CPU.Build.0 = Debug|Any CPU
		{C473FFC9-1835-41A4-B711-0622019647B7}.Release|Any CPU.ActiveCfg = Release|Any CPU
		{C473FFC9-1835-41A4-B711-0622019647B7}.Release|Any CPU.Build.0 = Release|Any CPU
		{2224CA4F-CAC0-421A-9A57-8C9C3AB562F2}.Debug|Any CPU.ActiveCfg = Debug|Any CPU
		{2224CA4F-CAC0-421A-9A57-8C9C3AB562F2}.Debug|Any CPU.Build.0 = Debug|Any CPU
		{2224CA4F-CAC0-421A-9A57-8C9C3AB562F2}.Release|Any CPU.ActiveCfg = Release|Any CPU
		{2224CA4F-CAC0-421A-9A57-8C9C3AB562F2}.Release|Any CPU.Build.0 = Release|Any CPU
		{76872487-803B-47A9-B7A0-BA888DEF2C22}.Debug|Any CPU.ActiveCfg = Debug|Any CPU
		{76872487-803B-47A9-B7A0-BA888DEF2C22}.Debug|Any CPU.Build.0 = Debug|Any CPU
		{76872487-803B-47A9-B7A0-BA888DEF2C22}.Release|Any CPU.ActiveCfg = Release|Any CPU
		{76872487-803B-47A9-B7A0-BA888DEF2C22}.Release|Any CPU.Build.0 = Release|Any CPU
	EndGlobalSection
	GlobalSection(SolutionProperties) = preSolution
		HideSolutionNode = FALSE
	EndGlobalSection
	GlobalSection(NestedProjects) = preSolution
		{2AC4E57D-2FF7-4EEA-BCB7-9268EEF67EFE} = {7529D29B-9062-47D9-A0F4-AD74EB5D5EFA}
		{2E625CD3-A7E6-4FC6-B13B-1C9DF8F8C625} = {7529D29B-9062-47D9-A0F4-AD74EB5D5EFA}
		{6B3A5BCC-BF7D-4C81-B05B-9ABC7913161A} = {7529D29B-9062-47D9-A0F4-AD74EB5D5EFA}
		{C473FFC9-1835-41A4-B711-0622019647B7} = {7529D29B-9062-47D9-A0F4-AD74EB5D5EFA}
	EndGlobalSection
	GlobalSection(ExtensibilityGlobals) = postSolution
		SolutionGuid = {72214ADE-2128-42DB-9CBF-7A5B25214689}
	EndGlobalSection
EndGlobal
