
Microsoft Visual Studio Solution File, Format Version 12.00
# Visual Studio 15
VisualStudioVersion = 15.0.27428.2011
MinimumVisualStudioVersion = 10.0.40219.1
Project("{FAE04EC0-301F-11D3-BF4B-00C04F79EFBC}") = "CS_Microservice", "CS_Microservice\CS_Microservice.csproj", "{170A6744-E415-4BBE-B0FE-2CA09A104D29}"
EndProject
Global
	GlobalSection(SolutionConfigurationPlatforms) = preSolution
		Debug|Any CPU = Debug|Any CPU
		Release|Any CPU = Release|Any CPU
	EndGlobalSection
	GlobalSection(ProjectConfigurationPlatforms) = postSolution
		{170A6744-E415-4BBE-B0FE-2CA09A104D29}.Debug|Any CPU.ActiveCfg = Debug|Any CPU
		{170A6744-E415-4BBE-B0FE-2CA09A104D29}.Debug|Any CPU.Build.0 = Debug|Any CPU
		{170A6744-E415-4BBE-B0FE-2CA09A104D29}.Release|Any CPU.ActiveCfg = Release|Any CPU
		{170A6744-E415-4BBE-B0FE-2CA09A104D29}.Release|Any CPU.Build.0 = Release|Any CPU
	EndGlobalSection
	GlobalSection(SolutionProperties) = preSolution
		HideSolutionNode = FALSE
	EndGlobalSection
	GlobalSection(ExtensibilityGlobals) = postSolution
		SolutionGuid = {D2D581FF-3886-4E06-BB56-9FA2B923CBC5}
	EndGlobalSection
EndGlobal
